// !$*UTF8*$!
{
	archiveVersion = 1;
	classes = {
	};
	objectVersion = 56;
	objects = {

/* Begin PBXBuildFile section */
		903B20432BAA53440078C860 /* tutorialApp.swift in Sources */ = {isa = PBXBuildFile; fileRef = 903B20422BAA53440078C860 /* tutorialApp.swift */; };
		903B20452BAA53440078C860 /* MeetingView.swift in Sources */ = {isa = PBXBuildFile; fileRef = 903B20442BAA53440078C860 /* MeetingView.swift */; };
		903B20472BAA53460078C860 /* Assets.xcassets in Resources */ = {isa = PBXBuildFile; fileRef = 903B20462BAA53460078C860 /* Assets.xcassets */; };
		903B204B2BAA53460078C860 /* Preview Assets.xcassets in Resources */ = {isa = PBXBuildFile; fileRef = 903B204A2BAA53460078C860 /* Preview Assets.xcassets */; };
		903B20552BAA53460078C860 /* tutorialTests.swift in Sources */ = {isa = PBXBuildFile; fileRef = 903B20542BAA53460078C860 /* tutorialTests.swift */; };
		903B205F2BAA53470078C860 /* tutorialUITests.swift in Sources */ = {isa = PBXBuildFile; fileRef = 903B205E2BAA53470078C860 /* tutorialUITests.swift */; };
		903B20612BAA53470078C860 /* tutorialUITestsLaunchTests.swift in Sources */ = {isa = PBXBuildFile; fileRef = 903B20602BAA53470078C860 /* tutorialUITestsLaunchTests.swift */; };
		903B206F2BAA59A40078C860 /* Theme.swift in Sources */ = {isa = PBXBuildFile; fileRef = 903B206E2BAA59A40078C860 /* Theme.swift */; };
		903B20712BAA5AB10078C860 /* DailyScrum.swift in Sources */ = {isa = PBXBuildFile; fileRef = 903B20702BAA5AB10078C860 /* DailyScrum.swift */; };
		903B20732BAA5C800078C860 /* CardView.swift in Sources */ = {isa = PBXBuildFile; fileRef = 903B20722BAA5C800078C860 /* CardView.swift */; };
		90FF560F2BAF433900D7EC29 /* TrailingIconLabelStyle.swift in Sources */ = {isa = PBXBuildFile; fileRef = 90FF560E2BAF433900D7EC29 /* TrailingIconLabelStyle.swift */; };
		90FF56132BAF455400D7EC29 /* ScrumViews.swift in Sources */ = {isa = PBXBuildFile; fileRef = 90FF56122BAF455400D7EC29 /* ScrumViews.swift */; };
		90FF56152BAF520D00D7EC29 /* DetailView.swift in Sources */ = {isa = PBXBuildFile; fileRef = 90FF56142BAF520D00D7EC29 /* DetailView.swift */; };
		90FF56172BAF5A1700D7EC29 /* DetailEditView.swift in Sources */ = {isa = PBXBuildFile; fileRef = 90FF56162BAF5A1700D7EC29 /* DetailEditView.swift */; };
		90FF56192BAF6B0600D7EC29 /* ThemeView.swift in Sources */ = {isa = PBXBuildFile; fileRef = 90FF56182BAF6B0600D7EC29 /* ThemeView.swift */; };
		90FF561B2BAF6C4100D7EC29 /* ThemePicker.swift in Sources */ = {isa = PBXBuildFile; fileRef = 90FF561A2BAF6C4100D7EC29 /* ThemePicker.swift */; };
		90FF561D2BAF7B0700D7EC29 /* MeetingHeaderView.swift in Sources */ = {isa = PBXBuildFile; fileRef = 90FF561C2BAF7B0700D7EC29 /* MeetingHeaderView.swift */; };
/* End PBXBuildFile section */

/* Begin PBXContainerItemProxy section */
		903B20512BAA53460078C860 /* PBXContainerItemProxy */ = {
			isa = PBXContainerItemProxy;
			containerPortal = 903B20372BAA53440078C860 /* Project object */;
			proxyType = 1;
			remoteGlobalIDString = 903B203E2BAA53440078C860;
			remoteInfo = tutorial;
		};
		903B205B2BAA53460078C860 /* PBXContainerItemProxy */ = {
			isa = PBXContainerItemProxy;
			containerPortal = 903B20372BAA53440078C860 /* Project object */;
			proxyType = 1;
			remoteGlobalIDString = 903B203E2BAA53440078C860;
			remoteInfo = tutorial;
		};
/* End PBXContainerItemProxy section */

/* Begin PBXFileReference section */
		903B203F2BAA53440078C860 /* tutorial.app */ = {isa = PBXFileReference; explicitFileType = wrapper.application; includeInIndex = 0; path = tutorial.app; sourceTree = BUILT_PRODUCTS_DIR; };
		903B20422BAA53440078C860 /* tutorialApp.swift */ = {isa = PBXFileReference; lastKnownFileType = sourcecode.swift; path = tutorialApp.swift; sourceTree = "<group>"; };
		903B20442BAA53440078C860 /* MeetingView.swift */ = {isa = PBXFileReference; lastKnownFileType = sourcecode.swift; path = MeetingView.swift; sourceTree = "<group>"; };
		903B20462BAA53460078C860 /* Assets.xcassets */ = {isa = PBXFileReference; lastKnownFileType = folder.assetcatalog; path = Assets.xcassets; sourceTree = "<group>"; };
		903B20482BAA53460078C860 /* tutorial.entitlements */ = {isa = PBXFileReference; lastKnownFileType = text.plist.entitlements; path = tutorial.entitlements; sourceTree = "<group>"; };
		903B204A2BAA53460078C860 /* Preview Assets.xcassets */ = {isa = PBXFileReference; lastKnownFileType = folder.assetcatalog; path = "Preview Assets.xcassets"; sourceTree = "<group>"; };
		903B20502BAA53460078C860 /* tutorialTests.xctest */ = {isa = PBXFileReference; explicitFileType = wrapper.cfbundle; includeInIndex = 0; path = tutorialTests.xctest; sourceTree = BUILT_PRODUCTS_DIR; };
		903B20542BAA53460078C860 /* tutorialTests.swift */ = {isa = PBXFileReference; lastKnownFileType = sourcecode.swift; path = tutorialTests.swift; sourceTree = "<group>"; };
		903B205A2BAA53460078C860 /* tutorialUITests.xctest */ = {isa = PBXFileReference; explicitFileType = wrapper.cfbundle; includeInIndex = 0; path = tutorialUITests.xctest; sourceTree = BUILT_PRODUCTS_DIR; };
		903B205E2BAA53470078C860 /* tutorialUITests.swift */ = {isa = PBXFileReference; lastKnownFileType = sourcecode.swift; path = tutorialUITests.swift; sourceTree = "<group>"; };
		903B20602BAA53470078C860 /* tutorialUITestsLaunchTests.swift */ = {isa = PBXFileReference; lastKnownFileType = sourcecode.swift; path = tutorialUITestsLaunchTests.swift; sourceTree = "<group>"; };
		903B206E2BAA59A40078C860 /* Theme.swift */ = {isa = PBXFileReference; lastKnownFileType = sourcecode.swift; path = Theme.swift; sourceTree = "<group>"; };
		903B20702BAA5AB10078C860 /* DailyScrum.swift */ = {isa = PBXFileReference; lastKnownFileType = sourcecode.swift; path = DailyScrum.swift; sourceTree = "<group>"; };
		903B20722BAA5C800078C860 /* CardView.swift */ = {isa = PBXFileReference; lastKnownFileType = sourcecode.swift; path = CardView.swift; sourceTree = "<group>"; };
		90FF560E2BAF433900D7EC29 /* TrailingIconLabelStyle.swift */ = {isa = PBXFileReference; lastKnownFileType = sourcecode.swift; path = TrailingIconLabelStyle.swift; sourceTree = "<group>"; };
		90FF56122BAF455400D7EC29 /* ScrumViews.swift */ = {isa = PBXFileReference; lastKnownFileType = sourcecode.swift; path = ScrumViews.swift; sourceTree = "<group>"; };
		90FF56142BAF520D00D7EC29 /* DetailView.swift */ = {isa = PBXFileReference; lastKnownFileType = sourcecode.swift; path = DetailView.swift; sourceTree = "<group>"; };
		90FF56162BAF5A1700D7EC29 /* DetailEditView.swift */ = {isa = PBXFileReference; lastKnownFileType = sourcecode.swift; path = DetailEditView.swift; sourceTree = "<group>"; };
		90FF56182BAF6B0600D7EC29 /* ThemeView.swift */ = {isa = PBXFileReference; lastKnownFileType = sourcecode.swift; path = ThemeView.swift; sourceTree = "<group>"; };
		90FF561A2BAF6C4100D7EC29 /* ThemePicker.swift */ = {isa = PBXFileReference; lastKnownFileType = sourcecode.swift; path = ThemePicker.swift; sourceTree = "<group>"; };
		90FF561C2BAF7B0700D7EC29 /* MeetingHeaderView.swift */ = {isa = PBXFileReference; lastKnownFileType = sourcecode.swift; path = MeetingHeaderView.swift; sourceTree = "<group>"; };
/* End PBXFileReference section */

/* Begin PBXFrameworksBuildPhase section */
		903B203C2BAA53440078C860 /* Frameworks */ = {
			isa = PBXFrameworksBuildPhase;
			buildActionMask = 2147483647;
			files = (
			);
			runOnlyForDeploymentPostprocessing = 0;
		};
		903B204D2BAA53460078C860 /* Frameworks */ = {
			isa = PBXFrameworksBuildPhase;
			buildActionMask = 2147483647;
			files = (
			);
			runOnlyForDeploymentPostprocessing = 0;
		};
		903B20572BAA53460078C860 /* Frameworks */ = {
			isa = PBXFrameworksBuildPhase;
			buildActionMask = 2147483647;
			files = (
			);
			runOnlyForDeploymentPostprocessing = 0;
		};
/* End PBXFrameworksBuildPhase section */

/* Begin PBXGroup section */
		903B20362BAA53440078C860 = {
			isa = PBXGroup;
			children = (
				903B20412BAA53440078C860 /* tutorial */,
				903B20532BAA53460078C860 /* tutorialTests */,
				903B205D2BAA53470078C860 /* tutorialUITests */,
				903B20402BAA53440078C860 /* Products */,
			);
			sourceTree = "<group>";
		};
		903B20402BAA53440078C860 /* Products */ = {
			isa = PBXGroup;
			children = (
				903B203F2BAA53440078C860 /* tutorial.app */,
				903B20502BAA53460078C860 /* tutorialTests.xctest */,
				903B205A2BAA53460078C860 /* tutorialUITests.xctest */,
			);
			name = Products;
			sourceTree = "<group>";
		};
		903B20412BAA53440078C860 /* tutorial */ = {
			isa = PBXGroup;
			children = (
				90D412012BAF8AA700AA3C5A /* Views */,
				903B206D2BAA59780078C860 /* Models */,
				903B20422BAA53440078C860 /* tutorialApp.swift */,
				90FF560E2BAF433900D7EC29 /* TrailingIconLabelStyle.swift */,
				90FF561A2BAF6C4100D7EC29 /* ThemePicker.swift */,
				903B20462BAA53460078C860 /* Assets.xcassets */,
				903B20482BAA53460078C860 /* tutorial.entitlements */,
				903B20492BAA53460078C860 /* Preview Content */,
			);
			path = tutorial;
			sourceTree = "<group>";
		};
		903B20492BAA53460078C860 /* Preview Content */ = {
			isa = PBXGroup;
			children = (
				903B204A2BAA53460078C860 /* Preview Assets.xcassets */,
			);
			path = "Preview Content";
			sourceTree = "<group>";
		};
		903B20532BAA53460078C860 /* tutorialTests */ = {
			isa = PBXGroup;
			children = (
				903B20542BAA53460078C860 /* tutorialTests.swift */,
			);
			path = tutorialTests;
			sourceTree = "<group>";
		};
		903B205D2BAA53470078C860 /* tutorialUITests */ = {
			isa = PBXGroup;
			children = (
				903B205E2BAA53470078C860 /* tutorialUITests.swift */,
				903B20602BAA53470078C860 /* tutorialUITestsLaunchTests.swift */,
			);
			path = tutorialUITests;
			sourceTree = "<group>";
		};
		903B206D2BAA59780078C860 /* Models */ = {
			isa = PBXGroup;
			children = (
				903B206E2BAA59A40078C860 /* Theme.swift */,
				903B20702BAA5AB10078C860 /* DailyScrum.swift */,
			);
			path = Models;
			sourceTree = "<group>";
		};
		90D412012BAF8AA700AA3C5A /* Views */ = {
			isa = PBXGroup;
			children = (
				90FF56122BAF455400D7EC29 /* ScrumViews.swift */,
				90FF56162BAF5A1700D7EC29 /* DetailEditView.swift */,
				903B20722BAA5C800078C860 /* CardView.swift */,
				903B20442BAA53440078C860 /* MeetingView.swift */,
				90FF561C2BAF7B0700D7EC29 /* MeetingHeaderView.swift */,
				90FF56142BAF520D00D7EC29 /* DetailView.swift */,
				90FF56182BAF6B0600D7EC29 /* ThemeView.swift */,
			);
			path = Views;
			sourceTree = "<group>";
		};
/* End PBXGroup section */

/* Begin PBXNativeTarget section */
		903B203E2BAA53440078C860 /* tutorial */ = {
			isa = PBXNativeTarget;
			buildConfigurationList = 903B20642BAA53470078C860 /* Build configuration list for PBXNativeTarget "tutorial" */;
			buildPhases = (
				903B203B2BAA53440078C860 /* Sources */,
				903B203C2BAA53440078C860 /* Frameworks */,
				903B203D2BAA53440078C860 /* Resources */,
			);
			buildRules = (
			);
			dependencies = (
			);
			name = tutorial;
			productName = tutorial;
			productReference = 903B203F2BAA53440078C860 /* tutorial.app */;
			productType = "com.apple.product-type.application";
		};
		903B204F2BAA53460078C860 /* tutorialTests */ = {
			isa = PBXNativeTarget;
			buildConfigurationList = 903B20672BAA53470078C860 /* Build configuration list for PBXNativeTarget "tutorialTests" */;
			buildPhases = (
				903B204C2BAA53460078C860 /* Sources */,
				903B204D2BAA53460078C860 /* Frameworks */,
				903B204E2BAA53460078C860 /* Resources */,
			);
			buildRules = (
			);
			dependencies = (
				903B20522BAA53460078C860 /* PBXTargetDependency */,
			);
			name = tutorialTests;
			productName = tutorialTests;
			productReference = 903B20502BAA53460078C860 /* tutorialTests.xctest */;
			productType = "com.apple.product-type.bundle.unit-test";
		};
		903B20592BAA53460078C860 /* tutorialUITests */ = {
			isa = PBXNativeTarget;
			buildConfigurationList = 903B206A2BAA53470078C860 /* Build configuration list for PBXNativeTarget "tutorialUITests" */;
			buildPhases = (
				903B20562BAA53460078C860 /* Sources */,
				903B20572BAA53460078C860 /* Frameworks */,
				903B20582BAA53460078C860 /* Resources */,
			);
			buildRules = (
			);
			dependencies = (
				903B205C2BAA53460078C860 /* PBXTargetDependency */,
			);
			name = tutorialUITests;
			productName = tutorialUITests;
			productReference = 903B205A2BAA53460078C860 /* tutorialUITests.xctest */;
			productType = "com.apple.product-type.bundle.ui-testing";
		};
/* End PBXNativeTarget section */

/* Begin PBXProject section */
		903B20372BAA53440078C860 /* Project object */ = {
			isa = PBXProject;
			attributes = {
				BuildIndependentTargetsInParallel = 1;
				LastSwiftUpdateCheck = 1530;
				LastUpgradeCheck = 1530;
				TargetAttributes = {
					903B203E2BAA53440078C860 = {
						CreatedOnToolsVersion = 15.3;
					};
					903B204F2BAA53460078C860 = {
						CreatedOnToolsVersion = 15.3;
						TestTargetID = 903B203E2BAA53440078C860;
					};
					903B20592BAA53460078C860 = {
						CreatedOnToolsVersion = 15.3;
						TestTargetID = 903B203E2BAA53440078C860;
					};
				};
			};
			buildConfigurationList = 903B203A2BAA53440078C860 /* Build configuration list for PBXProject "tutorial" */;
			compatibilityVersion = "Xcode 14.0";
			developmentRegion = en;
			hasScannedForEncodings = 0;
			knownRegions = (
				en,
				Base,
			);
			mainGroup = 903B20362BAA53440078C860;
			productRefGroup = 903B20402BAA53440078C860 /* Products */;
			projectDirPath = "";
			projectRoot = "";
			targets = (
				903B203E2BAA53440078C860 /* tutorial */,
				903B204F2BAA53460078C860 /* tutorialTests */,
				903B20592BAA53460078C860 /* tutorialUITests */,
			);
		};
/* End PBXProject section */

/* Begin PBXResourcesBuildPhase section */
		903B203D2BAA53440078C860 /* Resources */ = {
			isa = PBXResourcesBuildPhase;
			buildActionMask = 2147483647;
			files = (
				903B204B2BAA53460078C860 /* Preview Assets.xcassets in Resources */,
				903B20472BAA53460078C860 /* Assets.xcassets in Resources */,
			);
			runOnlyForDeploymentPostprocessing = 0;
		};
		903B204E2BAA53460078C860 /* Resources */ = {
			isa = PBXResourcesBuildPhase;
			buildActionMask = 2147483647;
			files = (
			);
			runOnlyForDeploymentPostprocessing = 0;
		};
		903B20582BAA53460078C860 /* Resources */ = {
			isa = PBXResourcesBuildPhase;
			buildActionMask = 2147483647;
			files = (
			);
			runOnlyForDeploymentPostprocessing = 0;
		};
/* End PBXResourcesBuildPhase section */

/* Begin PBXSourcesBuildPhase section */
		903B203B2BAA53440078C860 /* Sources */ = {
			isa = PBXSourcesBuildPhase;
			buildActionMask = 2147483647;
			files = (
				90FF561B2BAF6C4100D7EC29 /* ThemePicker.swift in Sources */,
				903B20712BAA5AB10078C860 /* DailyScrum.swift in Sources */,
				90FF56152BAF520D00D7EC29 /* DetailView.swift in Sources */,
				90FF561D2BAF7B0700D7EC29 /* MeetingHeaderView.swift in Sources */,
				90FF56172BAF5A1700D7EC29 /* DetailEditView.swift in Sources */,
				90FF560F2BAF433900D7EC29 /* TrailingIconLabelStyle.swift in Sources */,
				903B206F2BAA59A40078C860 /* Theme.swift in Sources */,
				903B20452BAA53440078C860 /* MeetingView.swift in Sources */,
				90FF56132BAF455400D7EC29 /* ScrumViews.swift in Sources */,
				903B20432BAA53440078C860 /* tutorialApp.swift in Sources */,
				90FF56192BAF6B0600D7EC29 /* ThemeView.swift in Sources */,
				903B20732BAA5C800078C860 /* CardView.swift in Sources */,
			);
			runOnlyForDeploymentPostprocessing = 0;
		};
		903B204C2BAA53460078C860 /* Sources */ = {
			isa = PBXSourcesBuildPhase;
			buildActionMask = 2147483647;
			files = (
				903B20552BAA53460078C860 /* tutorialTests.swift in Sources */,
			);
			runOnlyForDeploymentPostprocessing = 0;
		};
		903B20562BAA53460078C860 /* Sources */ = {
			isa = PBXSourcesBuildPhase;
			buildActionMask = 2147483647;
			files = (
				903B20612BAA53470078C860 /* tutorialUITestsLaunchTests.swift in Sources */,
				903B205F2BAA53470078C860 /* tutorialUITests.swift in Sources */,
			);
			runOnlyForDeploymentPostprocessing = 0;
		};
/* End PBXSourcesBuildPhase section */

/* Begin PBXTargetDependency section */
		903B20522BAA53460078C860 /* PBXTargetDependency */ = {
			isa = PBXTargetDependency;
			target = 903B203E2BAA53440078C860 /* tutorial */;
			targetProxy = 903B20512BAA53460078C860 /* PBXContainerItemProxy */;
		};
		903B205C2BAA53460078C860 /* PBXTargetDependency */ = {
			isa = PBXTargetDependency;
			target = 903B203E2BAA53440078C860 /* tutorial */;
			targetProxy = 903B205B2BAA53460078C860 /* PBXContainerItemProxy */;
		};
/* End PBXTargetDependency section */

/* Begin XCBuildConfiguration section */
		903B20622BAA53470078C860 /* Debug */ = {
			isa = XCBuildConfiguration;
			buildSettings = {
				ALWAYS_SEARCH_USER_PATHS = NO;
				ASSETCATALOG_COMPILER_GENERATE_SWIFT_ASSET_SYMBOL_EXTENSIONS = YES;
				CLANG_ANALYZER_NONNULL = YES;
				CLANG_ANALYZER_NUMBER_OBJECT_CONVERSION = YES_AGGRESSIVE;
				CLANG_CXX_LANGUAGE_STANDARD = "gnu++20";
				CLANG_ENABLE_MODULES = YES;
				CLANG_ENABLE_OBJC_ARC = YES;
				CLANG_ENABLE_OBJC_WEAK = YES;
				CLANG_WARN_BLOCK_CAPTURE_AUTORELEASING = YES;
				CLANG_WARN_BOOL_CONVERSION = YES;
				CLANG_WARN_COMMA = YES;
				CLANG_WARN_CONSTANT_CONVERSION = YES;
				CLANG_WARN_DEPRECATED_OBJC_IMPLEMENTATIONS = YES;
				CLANG_WARN_DIRECT_OBJC_ISA_USAGE = YES_ERROR;
				CLANG_WARN_DOCUMENTATION_COMMENTS = YES;
				CLANG_WARN_EMPTY_BODY = YES;
				CLANG_WARN_ENUM_CONVERSION = YES;
				CLANG_WARN_INFINITE_RECURSION = YES;
				CLANG_WARN_INT_CONVERSION = YES;
				CLANG_WARN_NON_LITERAL_NULL_CONVERSION = YES;
				CLANG_WARN_OBJC_IMPLICIT_RETAIN_SELF = YES;
				CLANG_WARN_OBJC_LITERAL_CONVERSION = YES;
				CLANG_WARN_OBJC_ROOT_CLASS = YES_ERROR;
				CLANG_WARN_QUOTED_INCLUDE_IN_FRAMEWORK_HEADER = YES;
				CLANG_WARN_RANGE_LOOP_ANALYSIS = YES;
				CLANG_WARN_STRICT_PROTOTYPES = YES;
				CLANG_WARN_SUSPICIOUS_MOVE = YES;
				CLANG_WARN_UNGUARDED_AVAILABILITY = YES_AGGRESSIVE;
				CLANG_WARN_UNREACHABLE_CODE = YES;
				CLANG_WARN__DUPLICATE_METHOD_MATCH = YES;
				COPY_PHASE_STRIP = NO;
				DEBUG_INFORMATION_FORMAT = dwarf;
				ENABLE_STRICT_OBJC_MSGSEND = YES;
				ENABLE_TESTABILITY = YES;
				ENABLE_USER_SCRIPT_SANDBOXING = YES;
				GCC_C_LANGUAGE_STANDARD = gnu17;
				GCC_DYNAMIC_NO_PIC = NO;
				GCC_NO_COMMON_BLOCKS = YES;
				GCC_OPTIMIZATION_LEVEL = 0;
				GCC_PREPROCESSOR_DEFINITIONS = (
					"DEBUG=1",
					"$(inherited)",
				);
				GCC_WARN_64_TO_32_BIT_CONVERSION = YES;
				GCC_WARN_ABOUT_RETURN_TYPE = YES_ERROR;
				GCC_WARN_UNDECLARED_SELECTOR = YES;
				GCC_WARN_UNINITIALIZED_AUTOS = YES_AGGRESSIVE;
				GCC_WARN_UNUSED_FUNCTION = YES;
				GCC_WARN_UNUSED_VARIABLE = YES;
				LOCALIZATION_PREFERS_STRING_CATALOGS = YES;
				MTL_ENABLE_DEBUG_INFO = INCLUDE_SOURCE;
				MTL_FAST_MATH = YES;
				ONLY_ACTIVE_ARCH = YES;
				SWIFT_ACTIVE_COMPILATION_CONDITIONS = "DEBUG $(inherited)";
				SWIFT_OPTIMIZATION_LEVEL = "-Onone";
			};
			name = Debug;
		};
		903B20632BAA53470078C860 /* Release */ = {
			isa = XCBuildConfiguration;
			buildSettings = {
				ALWAYS_SEARCH_USER_PATHS = NO;
				ASSETCATALOG_COMPILER_GENERATE_SWIFT_ASSET_SYMBOL_EXTENSIONS = YES;
				CLANG_ANALYZER_NONNULL = YES;
				CLANG_ANALYZER_NUMBER_OBJECT_CONVERSION = YES_AGGRESSIVE;
				CLANG_CXX_LANGUAGE_STANDARD = "gnu++20";
				CLANG_ENABLE_MODULES = YES;
				CLANG_ENABLE_OBJC_ARC = YES;
				CLANG_ENABLE_OBJC_WEAK = YES;
				CLANG_WARN_BLOCK_CAPTURE_AUTORELEASING = YES;
				CLANG_WARN_BOOL_CONVERSION = YES;
				CLANG_WARN_COMMA = YES;
				CLANG_WARN_CONSTANT_CONVERSION = YES;
				CLANG_WARN_DEPRECATED_OBJC_IMPLEMENTATIONS = YES;
				CLANG_WARN_DIRECT_OBJC_ISA_USAGE = YES_ERROR;
				CLANG_WARN_DOCUMENTATION_COMMENTS = YES;
				CLANG_WARN_EMPTY_BODY = YES;
				CLANG_WARN_ENUM_CONVERSION = YES;
				CLANG_WARN_INFINITE_RECURSION = YES;
				CLANG_WARN_INT_CONVERSION = YES;
				CLANG_WARN_NON_LITERAL_NULL_CONVERSION = YES;
				CLANG_WARN_OBJC_IMPLICIT_RETAIN_SELF = YES;
				CLANG_WARN_OBJC_LITERAL_CONVERSION = YES;
				CLANG_WARN_OBJC_ROOT_CLASS = YES_ERROR;
				CLANG_WARN_QUOTED_INCLUDE_IN_FRAMEWORK_HEADER = YES;
				CLANG_WARN_RANGE_LOOP_ANALYSIS = YES;
				CLANG_WARN_STRICT_PROTOTYPES = YES;
				CLANG_WARN_SUSPICIOUS_MOVE = YES;
				CLANG_WARN_UNGUARDED_AVAILABILITY = YES_AGGRESSIVE;
				CLANG_WARN_UNREACHABLE_CODE = YES;
				CLANG_WARN__DUPLICATE_METHOD_MATCH = YES;
				COPY_PHASE_STRIP = NO;
				DEBUG_INFORMATION_FORMAT = "dwarf-with-dsym";
				ENABLE_NS_ASSERTIONS = NO;
				ENABLE_STRICT_OBJC_MSGSEND = YES;
				ENABLE_USER_SCRIPT_SANDBOXING = YES;
				GCC_C_LANGUAGE_STANDARD = gnu17;
				GCC_NO_COMMON_BLOCKS = YES;
				GCC_WARN_64_TO_32_BIT_CONVERSION = YES;
				GCC_WARN_ABOUT_RETURN_TYPE = YES_ERROR;
				GCC_WARN_UNDECLARED_SELECTOR = YES;
				GCC_WARN_UNINITIALIZED_AUTOS = YES_AGGRESSIVE;
				GCC_WARN_UNUSED_FUNCTION = YES;
				GCC_WARN_UNUSED_VARIABLE = YES;
				LOCALIZATION_PREFERS_STRING_CATALOGS = YES;
				MTL_ENABLE_DEBUG_INFO = NO;
				MTL_FAST_MATH = YES;
				SWIFT_COMPILATION_MODE = wholemodule;
			};
			name = Release;
		};
		903B20652BAA53470078C860 /* Debug */ = {
			isa = XCBuildConfiguration;
			buildSettings = {
				ASSETCATALOG_COMPILER_APPICON_NAME = AppIcon;
				ASSETCATALOG_COMPILER_GLOBAL_ACCENT_COLOR_NAME = AccentColor;
				CODE_SIGN_ENTITLEMENTS = tutorial/tutorial.entitlements;
				CODE_SIGN_STYLE = Automatic;
				CURRENT_PROJECT_VERSION = 1;
				DEVELOPMENT_ASSET_PATHS = "\"tutorial/Preview Content\"";
				ENABLE_PREVIEWS = YES;
				GENERATE_INFOPLIST_FILE = YES;
				"INFOPLIST_KEY_UIApplicationSceneManifest_Generation[sdk=iphoneos*]" = YES;
				"INFOPLIST_KEY_UIApplicationSceneManifest_Generation[sdk=iphonesimulator*]" = YES;
				"INFOPLIST_KEY_UIApplicationSupportsIndirectInputEvents[sdk=iphoneos*]" = YES;
				"INFOPLIST_KEY_UIApplicationSupportsIndirectInputEvents[sdk=iphonesimulator*]" = YES;
				"INFOPLIST_KEY_UILaunchScreen_Generation[sdk=iphoneos*]" = YES;
				"INFOPLIST_KEY_UILaunchScreen_Generation[sdk=iphonesimulator*]" = YES;
				"INFOPLIST_KEY_UIStatusBarStyle[sdk=iphoneos*]" = UIStatusBarStyleDefault;
				"INFOPLIST_KEY_UIStatusBarStyle[sdk=iphonesimulator*]" = UIStatusBarStyleDefault;
				INFOPLIST_KEY_UISupportedInterfaceOrientations_iPad = "UIInterfaceOrientationPortrait UIInterfaceOrientationPortraitUpsideDown UIInterfaceOrientationLandscapeLeft UIInterfaceOrientationLandscapeRight";
				INFOPLIST_KEY_UISupportedInterfaceOrientations_iPhone = "UIInterfaceOrientationPortrait UIInterfaceOrientationLandscapeLeft UIInterfaceOrientationLandscapeRight";
				IPHONEOS_DEPLOYMENT_TARGET = 17.4;
				LD_RUNPATH_SEARCH_PATHS = "@executable_path/Frameworks";
				"LD_RUNPATH_SEARCH_PATHS[sdk=macosx*]" = "@executable_path/../Frameworks";
				MACOSX_DEPLOYMENT_TARGET = 14.3;
				MARKETING_VERSION = 1.0;
				PRODUCT_BUNDLE_IDENTIFIER = com.example.tutorial;
				PRODUCT_NAME = "$(TARGET_NAME)";
				SDKROOT = auto;
				SUPPORTED_PLATFORMS = "iphoneos iphonesimulator macosx";
				SWIFT_EMIT_LOC_STRINGS = YES;
				SWIFT_VERSION = 5.0;
				TARGETED_DEVICE_FAMILY = "1,2";
			};
			name = Debug;
		};
		903B20662BAA53470078C860 /* Release */ = {
			isa = XCBuildConfiguration;
			buildSettings = {
				ASSETCATALOG_COMPILER_APPICON_NAME = AppIcon;
				ASSETCATALOG_COMPILER_GLOBAL_ACCENT_COLOR_NAME = AccentColor;
				CODE_SIGN_ENTITLEMENTS = tutorial/tutorial.entitlements;
				CODE_SIGN_STYLE = Automatic;
				CURRENT_PROJECT_VERSION = 1;
				DEVELOPMENT_ASSET_PATHS = "\"tutorial/Preview Content\"";
				ENABLE_PREVIEWS = YES;
				GENERATE_INFOPLIST_FILE = YES;
				"INFOPLIST_KEY_UIApplicationSceneManifest_Generation[sdk=iphoneos*]" = YES;
				"INFOPLIST_KEY_UIApplicationSceneManifest_Generation[sdk=iphonesimulator*]" = YES;
				"INFOPLIST_KEY_UIApplicationSupportsIndirectInputEvents[sdk=iphoneos*]" = YES;
				"INFOPLIST_KEY_UIApplicationSupportsIndirectInputEvents[sdk=iphonesimulator*]" = YES;
				"INFOPLIST_KEY_UILaunchScreen_Generation[sdk=iphoneos*]" = YES;
				"INFOPLIST_KEY_UILaunchScreen_Generation[sdk=iphonesimulator*]" = YES;
				"INFOPLIST_KEY_UIStatusBarStyle[sdk=iphoneos*]" = UIStatusBarStyleDefault;
				"INFOPLIST_KEY_UIStatusBarStyle[sdk=iphonesimulator*]" = UIStatusBarStyleDefault;
				INFOPLIST_KEY_UISupportedInterfaceOrientations_iPad = "UIInterfaceOrientationPortrait UIInterfaceOrientationPortraitUpsideDown UIInterfaceOrientationLandscapeLeft UIInterfaceOrientationLandscapeRight";
				INFOPLIST_KEY_UISupportedInterfaceOrientations_iPhone = "UIInterfaceOrientationPortrait UIInterfaceOrientationLandscapeLeft UIInterfaceOrientationLandscapeRight";
				IPHONEOS_DEPLOYMENT_TARGET = 17.4;
				LD_RUNPATH_SEARCH_PATHS = "@executable_path/Frameworks";
				"LD_RUNPATH_SEARCH_PATHS[sdk=macosx*]" = "@executable_path/../Frameworks";
				MACOSX_DEPLOYMENT_TARGET = 14.3;
				MARKETING_VERSION = 1.0;
				PRODUCT_BUNDLE_IDENTIFIER = com.example.tutorial;
				PRODUCT_NAME = "$(TARGET_NAME)";
				SDKROOT = auto;
				SUPPORTED_PLATFORMS = "iphoneos iphonesimulator macosx";
				SWIFT_EMIT_LOC_STRINGS = YES;
				SWIFT_VERSION = 5.0;
				TARGETED_DEVICE_FAMILY = "1,2";
			};
			name = Release;
		};
		903B20682BAA53470078C860 /* Debug */ = {
			isa = XCBuildConfiguration;
			buildSettings = {
				ALWAYS_EMBED_SWIFT_STANDARD_LIBRARIES = YES;
				BUNDLE_LOADER = "$(TEST_HOST)";
				CODE_SIGN_STYLE = Automatic;
				CURRENT_PROJECT_VERSION = 1;
				GENERATE_INFOPLIST_FILE = YES;
				IPHONEOS_DEPLOYMENT_TARGET = 17.4;
				MACOSX_DEPLOYMENT_TARGET = 14.3;
				MARKETING_VERSION = 1.0;
				PRODUCT_BUNDLE_IDENTIFIER = com.example.tutorialTests;
				PRODUCT_NAME = "$(TARGET_NAME)";
				SDKROOT = auto;
				SUPPORTED_PLATFORMS = "iphoneos iphonesimulator macosx";
				SWIFT_EMIT_LOC_STRINGS = NO;
				SWIFT_VERSION = 5.0;
				TARGETED_DEVICE_FAMILY = "1,2";
				TEST_HOST = "$(BUILT_PRODUCTS_DIR)/tutorial.app/$(BUNDLE_EXECUTABLE_FOLDER_PATH)/tutorial";
			};
			name = Debug;
		};
		903B20692BAA53470078C860 /* Release */ = {
			isa = XCBuildConfiguration;
			buildSettings = {
				ALWAYS_EMBED_SWIFT_STANDARD_LIBRARIES = YES;
				BUNDLE_LOADER = "$(TEST_HOST)";
				CODE_SIGN_STYLE = Automatic;
				CURRENT_PROJECT_VERSION = 1;
				GENERATE_INFOPLIST_FILE = YES;
				IPHONEOS_DEPLOYMENT_TARGET = 17.4;
				MACOSX_DEPLOYMENT_TARGET = 14.3;
				MARKETING_VERSION = 1.0;
				PRODUCT_BUNDLE_IDENTIFIER = com.example.tutorialTests;
				PRODUCT_NAME = "$(TARGET_NAME)";
				SDKROOT = auto;
				SUPPORTED_PLATFORMS = "iphoneos iphonesimulator macosx";
				SWIFT_EMIT_LOC_STRINGS = NO;
				SWIFT_VERSION = 5.0;
				TARGETED_DEVICE_FAMILY = "1,2";
				TEST_HOST = "$(BUILT_PRODUCTS_DIR)/tutorial.app/$(BUNDLE_EXECUTABLE_FOLDER_PATH)/tutorial";
			};
			name = Release;
		};
		903B206B2BAA53470078C860 /* Debug */ = {
			isa = XCBuildConfiguration;
			buildSettings = {
				ALWAYS_EMBED_SWIFT_STANDARD_LIBRARIES = YES;
				CODE_SIGN_STYLE = Automatic;
				CURRENT_PROJECT_VERSION = 1;
				GENERATE_INFOPLIST_FILE = YES;
				IPHONEOS_DEPLOYMENT_TARGET = 17.4;
				MACOSX_DEPLOYMENT_TARGET = 14.3;
				MARKETING_VERSION = 1.0;
				PRODUCT_BUNDLE_IDENTIFIER = com.example.tutorialUITests;
				PRODUCT_NAME = "$(TARGET_NAME)";
				SDKROOT = auto;
				SUPPORTED_PLATFORMS = "iphoneos iphonesimulator macosx";
				SWIFT_EMIT_LOC_STRINGS = NO;
				SWIFT_VERSION = 5.0;
				TARGETED_DEVICE_FAMILY = "1,2";
				TEST_TARGET_NAME = tutorial;
			};
			name = Debug;
		};
		903B206C2BAA53470078C860 /* Release */ = {
			isa = XCBuildConfiguration;
			buildSettings = {
				ALWAYS_EMBED_SWIFT_STANDARD_LIBRARIES = YES;
				CODE_SIGN_STYLE = Automatic;
				CURRENT_PROJECT_VERSION = 1;
				GENERATE_INFOPLIST_FILE = YES;
				IPHONEOS_DEPLOYMENT_TARGET = 17.4;
				MACOSX_DEPLOYMENT_TARGET = 14.3;
				MARKETING_VERSION = 1.0;
				PRODUCT_BUNDLE_IDENTIFIER = com.example.tutorialUITests;
				PRODUCT_NAME = "$(TARGET_NAME)";
				SDKROOT = auto;
				SUPPORTED_PLATFORMS = "iphoneos iphonesimulator macosx";
				SWIFT_EMIT_LOC_STRINGS = NO;
				SWIFT_VERSION = 5.0;
				TARGETED_DEVICE_FAMILY = "1,2";
				TEST_TARGET_NAME = tutorial;
			};
			name = Release;
		};
/* End XCBuildConfiguration section */

/* Begin XCConfigurationList section */
		903B203A2BAA53440078C860 /* Build configuration list for PBXProject "tutorial" */ = {
			isa = XCConfigurationList;
			buildConfigurations = (
				903B20622BAA53470078C860 /* Debug */,
				903B20632BAA53470078C860 /* Release */,
			);
			defaultConfigurationIsVisible = 0;
			defaultConfigurationName = Release;
		};
		903B20642BAA53470078C860 /* Build configuration list for PBXNativeTarget "tutorial" */ = {
			isa = XCConfigurationList;
			buildConfigurations = (
				903B20652BAA53470078C860 /* Debug */,
				903B20662BAA53470078C860 /* Release */,
			);
			defaultConfigurationIsVisible = 0;
			defaultConfigurationName = Release;
		};
		903B20672BAA53470078C860 /* Build configuration list for PBXNativeTarget "tutorialTests" */ = {
			isa = XCConfigurationList;
			buildConfigurations = (
				903B20682BAA53470078C860 /* Debug */,
				903B20692BAA53470078C860 /* Release */,
			);
			defaultConfigurationIsVisible = 0;
			defaultConfigurationName = Release;
		};
		903B206A2BAA53470078C860 /* Build configuration list for PBXNativeTarget "tutorialUITests" */ = {
			isa = XCConfigurationList;
			buildConfigurations = (
				903B206B2BAA53470078C860 /* Debug */,
				903B206C2BAA53470078C860 /* Release */,
			);
			defaultConfigurationIsVisible = 0;
			defaultConfigurationName = Release;
		};
/* End XCConfigurationList section */
	};
	rootObject = 903B20372BAA53440078C860 /* Project object */;
}
